
Microsoft Visual Studio Solution File, Format Version 11.00
# Visual Studio 2010
Project("{8BC9CEB8-8B4A-11D0-8D11-00A0C91BC942}") = "Mario 2D", "Mario 2D\Mario 2D.vcxproj", "{416E0F68-FDFB-46A2-BA58-21DAA0561E81}"
EndProject
Global
	GlobalSection(SolutionConfigurationPlatforms) = preSolution
		Debug|Win32 = Debug|Win32
		Release|Win32 = Release|Win32
	EndGlobalSection
	GlobalSection(ProjectConfigurationPlatforms) = postSolution
		{416E0F68-FDFB-46A2-BA58-21DAA0561E81}.Debug|Win32.ActiveCfg = Debug|Win32
		{416E0F68-FDFB-46A2-BA58-21DAA0561E81}.Debug|Win32.Build.0 = Debug|Win32
		{416E0F68-FDFB-46A2-BA58-21DAA0561E81}.Release|Win32.ActiveCfg = Release|Win32
		{416E0F68-FDFB-46A2-BA58-21DAA0561E81}.Release|Win32.Build.0 = Release|Win32
	EndGlobalSection
	GlobalSection(SolutionProperties) = preSolution
		HideSolutionNode = FALSE
	EndGlobalSection
EndGlobal
